<?xml version="1.0" encoding="utf-8"?>
<Project ToolsVersion="4.0" xmlns="http://schemas.microsoft.com/developer/msbuild/2003">
  <ItemGroup>
    <ClCompile Include="src\main.cpp" />
    <ClCompile Include="src\Piece.cpp" />
    <ClCompile Include="src\Spot.cpp" />
    <ClCompile Include="src\Board.cpp" />
    <ClCompile Include="src\Game.cpp" />
    <ClCompile Include="src\King.cpp" />
  </ItemGroup>
  <ItemGroup>
    <ClInclude Include="include\Piece.h" />
    <ClInclude Include="include\Spot.h" />
    <ClInclude Include="include\Board.h" />
    <ClInclude Include="include\Game.h" />
    <ClInclude Include="include\King.h" />
  </ItemGroup>
</Project>